// !$*UTF8*$!
{
	archiveVersion = 1;
	classes = {
	};
	objectVersion = 46;
	objects = {

/* Begin PBXBuildFile section */
		C31AC9DD16837F5600C0D720 /* Foundation.framework in Frameworks */ = {isa = PBXBuildFile; fileRef = C31AC9DC16837F5600C0D720 /* Foundation.framework */; };
		C31AC9DF16837F5600C0D720 /* UIKit.framework in Frameworks */ = {isa = PBXBuildFile; fileRef = C31AC9DE16837F5600C0D720 /* UIKit.framework */; };
		C31AC9E116837F5600C0D720 /* CoreGraphics.framework in Frameworks */ = {isa = PBXBuildFile; fileRef = C31AC9E016837F5600C0D720 /* CoreGraphics.framework */; };
		C31AC9E316837F5600C0D720 /* AddressBook.framework in Frameworks */ = {isa = PBXBuildFile; fileRef = C31AC9E216837F5600C0D720 /* AddressBook.framework */; };
		C31AC9E516837F5600C0D720 /* AddressBookUI.framework in Frameworks */ = {isa = PBXBuildFile; fileRef = C31AC9E416837F5600C0D720 /* AddressBookUI.framework */; };
		C31AC9E716837F5600C0D720 /* AudioToolbox.framework in Frameworks */ = {isa = PBXBuildFile; fileRef = C31AC9E616837F5600C0D720 /* AudioToolbox.framework */; };
		C31AC9E916837F5600C0D720 /* AVFoundation.framework in Frameworks */ = {isa = PBXBuildFile; fileRef = C31AC9E816837F5600C0D720 /* AVFoundation.framework */; };
		C31AC9EB16837F5600C0D720 /* CoreLocation.framework in Frameworks */ = {isa = PBXBuildFile; fileRef = C31AC9EA16837F5600C0D720 /* CoreLocation.framework */; };
		C31AC9ED16837F5600C0D720 /* MediaPlayer.framework in Frameworks */ = {isa = PBXBuildFile; fileRef = C31AC9EC16837F5600C0D720 /* MediaPlayer.framework */; };
		C31AC9EF16837F5600C0D720 /* QuartzCore.framework in Frameworks */ = {isa = PBXBuildFile; fileRef = C31AC9EE16837F5600C0D720 /* QuartzCore.framework */; };
		C31AC9F116837F5600C0D720 /* SystemConfiguration.framework in Frameworks */ = {isa = PBXBuildFile; fileRef = C31AC9F016837F5600C0D720 /* SystemConfiguration.framework */; };
		C31AC9F316837F5600C0D720 /* MobileCoreServices.framework in Frameworks */ = {isa = PBXBuildFile; fileRef = C31AC9F216837F5600C0D720 /* MobileCoreServices.framework */; };
		C31AC9F516837F5600C0D720 /* CoreMedia.framework in Frameworks */ = {isa = PBXBuildFile; fileRef = C31AC9F416837F5600C0D720 /* CoreMedia.framework */; };
		C31AC9FB16837F5600C0D720 /* InfoPlist.strings in Resources */ = {isa = PBXBuildFile; fileRef = C31AC9F916837F5600C0D720 /* InfoPlist.strings */; };
		C31AC9FD16837F5600C0D720 /* main.m in Sources */ = {isa = PBXBuildFile; fileRef = C31AC9FC16837F5600C0D720 /* main.m */; };
		C31ACA0016837F5600C0D720 /* Cordova.framework in Frameworks */ = {isa = PBXBuildFile; fileRef = C31AC9FF16837F5600C0D720 /* Cordova.framework */; };
		C31ACA0516837F5600C0D720 /* Localizable.strings in Resources */ = {isa = PBXBuildFile; fileRef = C31ACA0316837F5600C0D720 /* Localizable.strings */; };
		C31ACA0916837F5600C0D720 /* Localizable.strings in Resources */ = {isa = PBXBuildFile; fileRef = C31ACA0716837F5600C0D720 /* Localizable.strings */; };
		C31ACA0D16837F5600C0D720 /* Localizable.strings in Resources */ = {isa = PBXBuildFile; fileRef = C31ACA0B16837F5600C0D720 /* Localizable.strings */; };
		C31ACA1116837F5600C0D720 /* Localizable.strings in Resources */ = {isa = PBXBuildFile; fileRef = C31ACA0F16837F5600C0D720 /* Localizable.strings */; };
		C31ACA1416837F5600C0D720 /* icon.png in Resources */ = {isa = PBXBuildFile; fileRef = C31ACA1316837F5600C0D720 /* icon.png */; };
		C31ACA1616837F5600C0D720 /* icon@2x.png in Resources */ = {isa = PBXBuildFile; fileRef = C31ACA1516837F5600C0D720 /* icon@2x.png */; };
		C31ACA1816837F5600C0D720 /* icon-72.png in Resources */ = {isa = PBXBuildFile; fileRef = C31ACA1716837F5600C0D720 /* icon-72.png */; };
		C31ACA1B16837F5600C0D720 /* Default~iphone.png in Resources */ = {isa = PBXBuildFile; fileRef = C31ACA1A16837F5600C0D720 /* Default~iphone.png */; };
		C31ACA1D16837F5600C0D720 /* Default@2x~iphone.png in Resources */ = {isa = PBXBuildFile; fileRef = C31ACA1C16837F5600C0D720 /* Default@2x~iphone.png */; };
		C31ACA1F16837F5600C0D720 /* Capture.bundle in Resources */ = {isa = PBXBuildFile; fileRef = C31ACA1E16837F5600C0D720 /* Capture.bundle */; };
		C31ACA2116837F5600C0D720 /* Cordova.plist in Resources */ = {isa = PBXBuildFile; fileRef = C31ACA2016837F5600C0D720 /* Cordova.plist */; };
		C31ACA2516837F5600C0D720 /* AppDelegate.m in Sources */ = {isa = PBXBuildFile; fileRef = C31ACA2416837F5600C0D720 /* AppDelegate.m */; };
		C31ACA2816837F5600C0D720 /* MainViewController.m in Sources */ = {isa = PBXBuildFile; fileRef = C31ACA2716837F5600C0D720 /* MainViewController.m */; };
		C31ACA2A16837F5600C0D720 /* MainViewController.xib in Resources */ = {isa = PBXBuildFile; fileRef = C31ACA2916837F5600C0D720 /* MainViewController.xib */; };
		C31ACA2E16837F5600C0D720 /* verify.sh in Resources */ = {isa = PBXBuildFile; fileRef = C31ACA2D16837F5600C0D720 /* verify.sh */; };
		C31ACA35168380A100C0D720 /* www in Resources */ = {isa = PBXBuildFile; fileRef = C31ACA34168380A100C0D720 /* www */; };
		C31ACA6A1683A3B700C0D720 /* NativeTable.m in Sources */ = {isa = PBXBuildFile; fileRef = C31ACA691683A3B700C0D720 /* NativeTable.m */; };
		C31ACA6C1683ADA600C0D720 /* NativeTable.js in Sources */ = {isa = PBXBuildFile; fileRef = C31ACA6B1683ADA600C0D720 /* NativeTable.js */; };
/* End PBXBuildFile section */

/* Begin PBXFileReference section */
		C31AC9D816837F5600C0D720 /* NativeTableExample.app */ = {isa = PBXFileReference; explicitFileType = wrapper.application; includeInIndex = 0; path = NativeTableExample.app; sourceTree = BUILT_PRODUCTS_DIR; };
		C31AC9DC16837F5600C0D720 /* Foundation.framework */ = {isa = PBXFileReference; lastKnownFileType = wrapper.framework; name = Foundation.framework; path = System/Library/Frameworks/Foundation.framework; sourceTree = SDKROOT; };
		C31AC9DE16837F5600C0D720 /* UIKit.framework */ = {isa = PBXFileReference; lastKnownFileType = wrapper.framework; name = UIKit.framework; path = System/Library/Frameworks/UIKit.framework; sourceTree = SDKROOT; };
		C31AC9E016837F5600C0D720 /* CoreGraphics.framework */ = {isa = PBXFileReference; lastKnownFileType = wrapper.framework; name = CoreGraphics.framework; path = System/Library/Frameworks/CoreGraphics.framework; sourceTree = SDKROOT; };
		C31AC9E216837F5600C0D720 /* AddressBook.framework */ = {isa = PBXFileReference; lastKnownFileType = wrapper.framework; name = AddressBook.framework; path = System/Library/Frameworks/AddressBook.framework; sourceTree = SDKROOT; };
		C31AC9E416837F5600C0D720 /* AddressBookUI.framework */ = {isa = PBXFileReference; lastKnownFileType = wrapper.framework; name = AddressBookUI.framework; path = System/Library/Frameworks/AddressBookUI.framework; sourceTree = SDKROOT; };
		C31AC9E616837F5600C0D720 /* AudioToolbox.framework */ = {isa = PBXFileReference; lastKnownFileType = wrapper.framework; name = AudioToolbox.framework; path = System/Library/Frameworks/AudioToolbox.framework; sourceTree = SDKROOT; };
		C31AC9E816837F5600C0D720 /* AVFoundation.framework */ = {isa = PBXFileReference; lastKnownFileType = wrapper.framework; name = AVFoundation.framework; path = System/Library/Frameworks/AVFoundation.framework; sourceTree = SDKROOT; };
		C31AC9EA16837F5600C0D720 /* CoreLocation.framework */ = {isa = PBXFileReference; lastKnownFileType = wrapper.framework; name = CoreLocation.framework; path = System/Library/Frameworks/CoreLocation.framework; sourceTree = SDKROOT; };
		C31AC9EC16837F5600C0D720 /* MediaPlayer.framework */ = {isa = PBXFileReference; lastKnownFileType = wrapper.framework; name = MediaPlayer.framework; path = System/Library/Frameworks/MediaPlayer.framework; sourceTree = SDKROOT; };
		C31AC9EE16837F5600C0D720 /* QuartzCore.framework */ = {isa = PBXFileReference; lastKnownFileType = wrapper.framework; name = QuartzCore.framework; path = System/Library/Frameworks/QuartzCore.framework; sourceTree = SDKROOT; };
		C31AC9F016837F5600C0D720 /* SystemConfiguration.framework */ = {isa = PBXFileReference; lastKnownFileType = wrapper.framework; name = SystemConfiguration.framework; path = System/Library/Frameworks/SystemConfiguration.framework; sourceTree = SDKROOT; };
		C31AC9F216837F5600C0D720 /* MobileCoreServices.framework */ = {isa = PBXFileReference; lastKnownFileType = wrapper.framework; name = MobileCoreServices.framework; path = System/Library/Frameworks/MobileCoreServices.framework; sourceTree = SDKROOT; };
		C31AC9F416837F5600C0D720 /* CoreMedia.framework */ = {isa = PBXFileReference; lastKnownFileType = wrapper.framework; name = CoreMedia.framework; path = System/Library/Frameworks/CoreMedia.framework; sourceTree = SDKROOT; };
		C31AC9F816837F5600C0D720 /* NativeTableExample-Info.plist */ = {isa = PBXFileReference; lastKnownFileType = text.plist.xml; path = "NativeTableExample-Info.plist"; sourceTree = "<group>"; };
		C31AC9FA16837F5600C0D720 /* en */ = {isa = PBXFileReference; lastKnownFileType = text.plist.strings; name = en; path = en.lproj/InfoPlist.strings; sourceTree = "<group>"; };
		C31AC9FC16837F5600C0D720 /* main.m */ = {isa = PBXFileReference; lastKnownFileType = sourcecode.c.objc; path = main.m; sourceTree = "<group>"; };
		C31AC9FE16837F5600C0D720 /* NativeTableExample-Prefix.pch */ = {isa = PBXFileReference; lastKnownFileType = sourcecode.c.h; path = "NativeTableExample-Prefix.pch"; sourceTree = "<group>"; };
		C31AC9FF16837F5600C0D720 /* Cordova.framework */ = {isa = PBXFileReference; lastKnownFileType = wrapper.framework; name = Cordova.framework; path = /Users/Shared/Cordova/Frameworks/Cordova.framework; sourceTree = "<absolute>"; };
		C31ACA0416837F5600C0D720 /* en */ = {isa = PBXFileReference; lastKnownFileType = text.plist.strings; name = en; path = Resources/en.lproj/Localizable.strings; sourceTree = "<group>"; };
		C31ACA0816837F5600C0D720 /* es */ = {isa = PBXFileReference; lastKnownFileType = text.plist.strings; name = es; path = Resources/es.lproj/Localizable.strings; sourceTree = "<group>"; };
		C31ACA0C16837F5600C0D720 /* de */ = {isa = PBXFileReference; lastKnownFileType = text.plist.strings; name = de; path = Resources/de.lproj/Localizable.strings; sourceTree = "<group>"; };
		C31ACA1016837F5600C0D720 /* se */ = {isa = PBXFileReference; lastKnownFileType = text.plist.strings; name = se; path = Resources/se.lproj/Localizable.strings; sourceTree = "<group>"; };
		C31ACA1316837F5600C0D720 /* icon.png */ = {isa = PBXFileReference; lastKnownFileType = image.png; name = icon.png; path = Resources/icons/icon.png; sourceTree = "<group>"; };
		C31ACA1516837F5600C0D720 /* icon@2x.png */ = {isa = PBXFileReference; lastKnownFileType = image.png; name = "icon@2x.png"; path = "Resources/icons/icon@2x.png"; sourceTree = "<group>"; };
		C31ACA1716837F5600C0D720 /* icon-72.png */ = {isa = PBXFileReference; lastKnownFileType = image.png; name = "icon-72.png"; path = "Resources/icons/icon-72.png"; sourceTree = "<group>"; };
		C31ACA1A16837F5600C0D720 /* Default~iphone.png */ = {isa = PBXFileReference; lastKnownFileType = image.png; name = "Default~iphone.png"; path = "Resources/splash/Default~iphone.png"; sourceTree = "<group>"; };
		C31ACA1C16837F5600C0D720 /* Default@2x~iphone.png */ = {isa = PBXFileReference; lastKnownFileType = image.png; name = "Default@2x~iphone.png"; path = "Resources/splash/Default@2x~iphone.png"; sourceTree = "<group>"; };
		C31ACA1E16837F5600C0D720 /* Capture.bundle */ = {isa = PBXFileReference; lastKnownFileType = "wrapper.plug-in"; name = Capture.bundle; path = Resources/Capture.bundle; sourceTree = "<group>"; };
		C31ACA2016837F5600C0D720 /* Cordova.plist */ = {isa = PBXFileReference; lastKnownFileType = text.plist.xml; path = Cordova.plist; sourceTree = "<group>"; };
		C31ACA2316837F5600C0D720 /* AppDelegate.h */ = {isa = PBXFileReference; lastKnownFileType = sourcecode.c.h; name = AppDelegate.h; path = Classes/AppDelegate.h; sourceTree = "<group>"; };
		C31ACA2416837F5600C0D720 /* AppDelegate.m */ = {isa = PBXFileReference; lastKnownFileType = sourcecode.c.objc; name = AppDelegate.m; path = Classes/AppDelegate.m; sourceTree = "<group>"; };
		C31ACA2616837F5600C0D720 /* MainViewController.h */ = {isa = PBXFileReference; lastKnownFileType = sourcecode.c.h; name = MainViewController.h; path = Classes/MainViewController.h; sourceTree = "<group>"; };
		C31ACA2716837F5600C0D720 /* MainViewController.m */ = {isa = PBXFileReference; lastKnownFileType = sourcecode.c.objc; name = MainViewController.m; path = Classes/MainViewController.m; sourceTree = "<group>"; };
		C31ACA2916837F5600C0D720 /* MainViewController.xib */ = {isa = PBXFileReference; lastKnownFileType = file.xib; name = MainViewController.xib; path = Classes/MainViewController.xib; sourceTree = "<group>"; };
		C31ACA2C16837F5600C0D720 /* README */ = {isa = PBXFileReference; lastKnownFileType = text; name = README; path = Plugins/README; sourceTree = "<group>"; };
		C31ACA2D16837F5600C0D720 /* verify.sh */ = {isa = PBXFileReference; lastKnownFileType = text.script.sh; path = verify.sh; sourceTree = "<group>"; };
		C31ACA34168380A100C0D720 /* www */ = {isa = PBXFileReference; lastKnownFileType = folder; path = www; sourceTree = "<group>"; };
		C31ACA681683A3B700C0D720 /* NativeTable.h */ = {isa = PBXFileReference; fileEncoding = 4; lastKnownFileType = sourcecode.c.h; path = NativeTable.h; sourceTree = "<group>"; };
		C31ACA691683A3B700C0D720 /* NativeTable.m */ = {isa = PBXFileReference; fileEncoding = 4; lastKnownFileType = sourcecode.c.objc; path = NativeTable.m; sourceTree = "<group>"; };
		C31ACA6B1683ADA600C0D720 /* NativeTable.js */ = {isa = PBXFileReference; fileEncoding = 4; lastKnownFileType = sourcecode.javascript; name = NativeTable.js; path = www/NativeTable.js; sourceTree = "<group>"; };
/* End PBXFileReference section */

/* Begin PBXFrameworksBuildPhase section */
		C31AC9D216837F5600C0D720 /* Frameworks */ = {
			isa = PBXFrameworksBuildPhase;
			buildActionMask = 2147483647;
			files = (
				C31AC9DD16837F5600C0D720 /* Foundation.framework in Frameworks */,
				C31AC9DF16837F5600C0D720 /* UIKit.framework in Frameworks */,
				C31AC9E116837F5600C0D720 /* CoreGraphics.framework in Frameworks */,
				C31AC9E316837F5600C0D720 /* AddressBook.framework in Frameworks */,
				C31AC9E516837F5600C0D720 /* AddressBookUI.framework in Frameworks */,
				C31AC9E716837F5600C0D720 /* AudioToolbox.framework in Frameworks */,
				C31AC9E916837F5600C0D720 /* AVFoundation.framework in Frameworks */,
				C31AC9EB16837F5600C0D720 /* CoreLocation.framework in Frameworks */,
				C31AC9ED16837F5600C0D720 /* MediaPlayer.framework in Frameworks */,
				C31AC9EF16837F5600C0D720 /* QuartzCore.framework in Frameworks */,
				C31AC9F116837F5600C0D720 /* SystemConfiguration.framework in Frameworks */,
				C31AC9F316837F5600C0D720 /* MobileCoreServices.framework in Frameworks */,
				C31AC9F516837F5600C0D720 /* CoreMedia.framework in Frameworks */,
				C31ACA0016837F5600C0D720 /* Cordova.framework in Frameworks */,
			);
			runOnlyForDeploymentPostprocessing = 0;
		};
		C31AC9D516837F5600C0D720 /* Frameworks */ = {
			isa = PBXFrameworksBuildPhase;
			buildActionMask = 2147483647;
			files = (
			);
			runOnlyForDeploymentPostprocessing = 0;
		};
/* End PBXFrameworksBuildPhase section */

/* Begin PBXGroup section */
		C31AC9CA16837F5500C0D720 = {
			isa = PBXGroup;
			children = (
				C31ACA6B1683ADA600C0D720 /* NativeTable.js */,
				C31ACA34168380A100C0D720 /* www */,
				C31AC9F616837F5600C0D720 /* NativeTableExample */,
				C31AC9DB16837F5600C0D720 /* Frameworks */,
				C31AC9D916837F5600C0D720 /* Products */,
			);
			sourceTree = "<group>";
		};
		C31AC9D916837F5600C0D720 /* Products */ = {
			isa = PBXGroup;
			children = (
				C31AC9D816837F5600C0D720 /* NativeTableExample.app */,
			);
			name = Products;
			sourceTree = "<group>";
		};
		C31AC9DB16837F5600C0D720 /* Frameworks */ = {
			isa = PBXGroup;
			children = (
				C31AC9DC16837F5600C0D720 /* Foundation.framework */,
				C31AC9DE16837F5600C0D720 /* UIKit.framework */,
				C31AC9E016837F5600C0D720 /* CoreGraphics.framework */,
				C31AC9E216837F5600C0D720 /* AddressBook.framework */,
				C31AC9E416837F5600C0D720 /* AddressBookUI.framework */,
				C31AC9E616837F5600C0D720 /* AudioToolbox.framework */,
				C31AC9E816837F5600C0D720 /* AVFoundation.framework */,
				C31AC9EA16837F5600C0D720 /* CoreLocation.framework */,
				C31AC9EC16837F5600C0D720 /* MediaPlayer.framework */,
				C31AC9EE16837F5600C0D720 /* QuartzCore.framework */,
				C31AC9F016837F5600C0D720 /* SystemConfiguration.framework */,
				C31AC9F216837F5600C0D720 /* MobileCoreServices.framework */,
				C31AC9F416837F5600C0D720 /* CoreMedia.framework */,
			);
			name = Frameworks;
			sourceTree = "<group>";
		};
		C31AC9F616837F5600C0D720 /* NativeTableExample */ = {
			isa = PBXGroup;
			children = (
				C31AC9FF16837F5600C0D720 /* Cordova.framework */,
				C31ACA0116837F5600C0D720 /* Resources */,
				C31ACA2216837F5600C0D720 /* Classes */,
				C31ACA2B16837F5600C0D720 /* Plugins */,
				C31AC9F716837F5600C0D720 /* Supporting Files */,
			);
			path = NativeTableExample;
			sourceTree = "<group>";
		};
		C31AC9F716837F5600C0D720 /* Supporting Files */ = {
			isa = PBXGroup;
			children = (
				C31AC9F816837F5600C0D720 /* NativeTableExample-Info.plist */,
				C31AC9F916837F5600C0D720 /* InfoPlist.strings */,
				C31AC9FC16837F5600C0D720 /* main.m */,
				C31AC9FE16837F5600C0D720 /* NativeTableExample-Prefix.pch */,
				C31ACA2016837F5600C0D720 /* Cordova.plist */,
				C31ACA2916837F5600C0D720 /* MainViewController.xib */,
				C31ACA2D16837F5600C0D720 /* verify.sh */,
			);
			name = "Supporting Files";
			sourceTree = "<group>";
		};
		C31ACA0116837F5600C0D720 /* Resources */ = {
			isa = PBXGroup;
			children = (
				C31ACA1E16837F5600C0D720 /* Capture.bundle */,
				C31ACA0216837F5600C0D720 /* en.lproj */,
				C31ACA0616837F5600C0D720 /* es.lproj */,
				C31ACA0A16837F5600C0D720 /* de.lproj */,
				C31ACA0E16837F5600C0D720 /* se.lproj */,
				C31ACA1216837F5600C0D720 /* icons */,
				C31ACA1916837F5600C0D720 /* splash */,
			);
			name = Resources;
			sourceTree = "<group>";
		};
		C31ACA0216837F5600C0D720 /* en.lproj */ = {
			isa = PBXGroup;
			children = (
				C31ACA0316837F5600C0D720 /* Localizable.strings */,
			);
			name = en.lproj;
			sourceTree = "<group>";
		};
		C31ACA0616837F5600C0D720 /* es.lproj */ = {
			isa = PBXGroup;
			children = (
				C31ACA0716837F5600C0D720 /* Localizable.strings */,
			);
			name = es.lproj;
			sourceTree = "<group>";
		};
		C31ACA0A16837F5600C0D720 /* de.lproj */ = {
			isa = PBXGroup;
			children = (
				C31ACA0B16837F5600C0D720 /* Localizable.strings */,
			);
			name = de.lproj;
			sourceTree = "<group>";
		};
		C31ACA0E16837F5600C0D720 /* se.lproj */ = {
			isa = PBXGroup;
			children = (
				C31ACA0F16837F5600C0D720 /* Localizable.strings */,
			);
			name = se.lproj;
			sourceTree = "<group>";
		};
		C31ACA1216837F5600C0D720 /* icons */ = {
			isa = PBXGroup;
			children = (
				C31ACA1316837F5600C0D720 /* icon.png */,
				C31ACA1516837F5600C0D720 /* icon@2x.png */,
				C31ACA1716837F5600C0D720 /* icon-72.png */,
			);
			name = icons;
			sourceTree = "<group>";
		};
		C31ACA1916837F5600C0D720 /* splash */ = {
			isa = PBXGroup;
			children = (
				C31ACA1A16837F5600C0D720 /* Default~iphone.png */,
				C31ACA1C16837F5600C0D720 /* Default@2x~iphone.png */,
			);
			name = splash;
			sourceTree = "<group>";
		};
		C31ACA2216837F5600C0D720 /* Classes */ = {
			isa = PBXGroup;
			children = (
				C31ACA2316837F5600C0D720 /* AppDelegate.h */,
				C31ACA2416837F5600C0D720 /* AppDelegate.m */,
				C31ACA2616837F5600C0D720 /* MainViewController.h */,
				C31ACA2716837F5600C0D720 /* MainViewController.m */,
			);
			name = Classes;
			sourceTree = "<group>";
		};
		C31ACA2B16837F5600C0D720 /* Plugins */ = {
			isa = PBXGroup;
			children = (
				C31ACA671683A3A000C0D720 /* NativeTable */,
				C31ACA2C16837F5600C0D720 /* README */,
			);
			name = Plugins;
			sourceTree = "<group>";
		};
		C31ACA671683A3A000C0D720 /* NativeTable */ = {
			isa = PBXGroup;
			children = (
				C31ACA681683A3B700C0D720 /* NativeTable.h */,
				C31ACA691683A3B700C0D720 /* NativeTable.m */,
			);
			name = NativeTable;
			path = Plugins/NativeTable;
			sourceTree = "<group>";
		};
/* End PBXGroup section */

/* Begin PBXNativeTarget section */
		C31AC9D716837F5600C0D720 /* NativeTableExample */ = {
			isa = PBXNativeTarget;
			buildConfigurationList = C31ACA3116837F5600C0D720 /* Build configuration list for PBXNativeTarget "NativeTableExample" */;
			buildPhases = (
				C31AC9D116837F5600C0D720 /* Sources */,
				C31AC9D216837F5600C0D720 /* Frameworks */,
				C31AC9D316837F5600C0D720 /* Resources */,
				C31AC9D416837F5600C0D720 /* Sources */,
				C31AC9D516837F5600C0D720 /* Frameworks */,
				C31AC9D616837F5600C0D720 /* ShellScript */,
			);
			buildRules = (
			);
			dependencies = (
			);
			name = NativeTableExample;
			productName = NativeTableExample;
			productReference = C31AC9D816837F5600C0D720 /* NativeTableExample.app */;
			productType = "com.apple.product-type.application";
		};
/* End PBXNativeTarget section */

/* Begin PBXProject section */
		C31AC9CC16837F5500C0D720 /* Project object */ = {
			isa = PBXProject;
			attributes = {
				LastUpgradeCheck = 0450;
				ORGANIZATIONNAME = SpartakB;
			};
			buildConfigurationList = C31AC9CF16837F5500C0D720 /* Build configuration list for PBXProject "NativeTableExample" */;
			compatibilityVersion = "Xcode 3.2";
			developmentRegion = English;
			hasScannedForEncodings = 0;
			knownRegions = (
				en,
				es,
				de,
				se,
			);
			mainGroup = C31AC9CA16837F5500C0D720;
			productRefGroup = C31AC9D916837F5600C0D720 /* Products */;
			projectDirPath = "";
			projectRoot = "";
			targets = (
				C31AC9D716837F5600C0D720 /* NativeTableExample */,
			);
		};
/* End PBXProject section */

/* Begin PBXResourcesBuildPhase section */
		C31AC9D316837F5600C0D720 /* Resources */ = {
			isa = PBXResourcesBuildPhase;
			buildActionMask = 2147483647;
			files = (
				C31AC9FB16837F5600C0D720 /* InfoPlist.strings in Resources */,
				C31ACA0516837F5600C0D720 /* Localizable.strings in Resources */,
				C31ACA0916837F5600C0D720 /* Localizable.strings in Resources */,
				C31ACA0D16837F5600C0D720 /* Localizable.strings in Resources */,
				C31ACA1116837F5600C0D720 /* Localizable.strings in Resources */,
				C31ACA1416837F5600C0D720 /* icon.png in Resources */,
				C31ACA1616837F5600C0D720 /* icon@2x.png in Resources */,
				C31ACA1816837F5600C0D720 /* icon-72.png in Resources */,
				C31ACA1B16837F5600C0D720 /* Default~iphone.png in Resources */,
				C31ACA1D16837F5600C0D720 /* Default@2x~iphone.png in Resources */,
				C31ACA1F16837F5600C0D720 /* Capture.bundle in Resources */,
				C31ACA2116837F5600C0D720 /* Cordova.plist in Resources */,
				C31ACA2A16837F5600C0D720 /* MainViewController.xib in Resources */,
				C31ACA2E16837F5600C0D720 /* verify.sh in Resources */,
				C31ACA35168380A100C0D720 /* www in Resources */,
			);
			runOnlyForDeploymentPostprocessing = 0;
		};
/* End PBXResourcesBuildPhase section */

/* Begin PBXShellScriptBuildPhase section */
		C31AC9D616837F5600C0D720 /* ShellScript */ = {
			isa = PBXShellScriptBuildPhase;
			buildActionMask = 2147483647;
			files = (
			);
			inputPaths = (
			);
			outputPaths = (
			);
			runOnlyForDeploymentPostprocessing = 0;
			shellPath = /bin/bash;
			shellScript = "\n\t\t\t\t\t\t\t\tchmod 755 \"$PROJECT_DIR/$PROJECT_NAME/verify.sh\"\n\t\t\t\t\t\t\t\t\"$PROJECT_DIR/$PROJECT_NAME/verify.sh\"\n\t\t\t\t\t";
		};
/* End PBXShellScriptBuildPhase section */

/* Begin PBXSourcesBuildPhase section */
		C31AC9D116837F5600C0D720 /* Sources */ = {
			isa = PBXSourcesBuildPhase;
			buildActionMask = 2147483647;
			files = (
				C31AC9FD16837F5600C0D720 /* main.m in Sources */,
				C31ACA2516837F5600C0D720 /* AppDelegate.m in Sources */,
				C31ACA2816837F5600C0D720 /* MainViewController.m in Sources */,
				C31ACA6A1683A3B700C0D720 /* NativeTable.m in Sources */,
				C31ACA6C1683ADA600C0D720 /* NativeTable.js in Sources */,
			);
			runOnlyForDeploymentPostprocessing = 0;
		};
		C31AC9D416837F5600C0D720 /* Sources */ = {
			isa = PBXSourcesBuildPhase;
			buildActionMask = 2147483647;
			files = (
			);
			runOnlyForDeploymentPostprocessing = 0;
		};
/* End PBXSourcesBuildPhase section */

/* Begin PBXVariantGroup section */
		C31AC9F916837F5600C0D720 /* InfoPlist.strings */ = {
			isa = PBXVariantGroup;
			children = (
				C31AC9FA16837F5600C0D720 /* en */,
			);
			name = InfoPlist.strings;
			sourceTree = "<group>";
		};
		C31ACA0316837F5600C0D720 /* Localizable.strings */ = {
			isa = PBXVariantGroup;
			children = (
				C31ACA0416837F5600C0D720 /* en */,
			);
			name = Localizable.strings;
			sourceTree = "<group>";
		};
		C31ACA0716837F5600C0D720 /* Localizable.strings */ = {
			isa = PBXVariantGroup;
			children = (
				C31ACA0816837F5600C0D720 /* es */,
			);
			name = Localizable.strings;
			sourceTree = "<group>";
		};
		C31ACA0B16837F5600C0D720 /* Localizable.strings */ = {
			isa = PBXVariantGroup;
			children = (
				C31ACA0C16837F5600C0D720 /* de */,
			);
			name = Localizable.strings;
			sourceTree = "<group>";
		};
		C31ACA0F16837F5600C0D720 /* Localizable.strings */ = {
			isa = PBXVariantGroup;
			children = (
				C31ACA1016837F5600C0D720 /* se */,
			);
			name = Localizable.strings;
			sourceTree = "<group>";
		};
/* End PBXVariantGroup section */

/* Begin XCBuildConfiguration section */
		C31ACA2F16837F5600C0D720 /* Debug */ = {
			isa = XCBuildConfiguration;
			buildSettings = {
				ALWAYS_SEARCH_USER_PATHS = NO;
				ARCHS = (
					armv6,
					"$(ARCHS_STANDARD_32_BIT)",
				);
				CLANG_CXX_LANGUAGE_STANDARD = "gnu++0x";
				CLANG_CXX_LIBRARY = "libc++";
				CLANG_WARN_EMPTY_BODY = YES;
				CLANG_WARN__DUPLICATE_METHOD_MATCH = YES;
				"CODE_SIGN_IDENTITY[sdk=iphoneos*]" = "iPhone Developer";
				COPY_PHASE_STRIP = NO;
				GCC_C_LANGUAGE_STANDARD = gnu99;
				GCC_DYNAMIC_NO_PIC = NO;
				GCC_OPTIMIZATION_LEVEL = 0;
				GCC_PREPROCESSOR_DEFINITIONS = (
					"DEBUG=1",
					"$(inherited)",
				);
				GCC_SYMBOLS_PRIVATE_EXTERN = NO;
				GCC_VERSION = com.apple.compilers.llvm.clang.1_0;
				GCC_WARN_ABOUT_RETURN_TYPE = YES;
				GCC_WARN_UNINITIALIZED_AUTOS = YES;
				GCC_WARN_UNUSED_VARIABLE = YES;
				IPHONEOS_DEPLOYMENT_TARGET = 3.0;
				SDKROOT = iphoneos;
			};
			name = Debug;
		};
		C31ACA3016837F5600C0D720 /* Release */ = {
			isa = XCBuildConfiguration;
			buildSettings = {
				ALWAYS_SEARCH_USER_PATHS = NO;
				ARCHS = (
					armv6,
					"$(ARCHS_STANDARD_32_BIT)",
				);
				CLANG_CXX_LANGUAGE_STANDARD = "gnu++0x";
				CLANG_CXX_LIBRARY = "libc++";
				CLANG_WARN_EMPTY_BODY = YES;
				CLANG_WARN__DUPLICATE_METHOD_MATCH = YES;
				"CODE_SIGN_IDENTITY[sdk=iphoneos*]" = "iPhone Developer";
				COPY_PHASE_STRIP = YES;
				GCC_C_LANGUAGE_STANDARD = gnu99;
				GCC_VERSION = com.apple.compilers.llvm.clang.1_0;
				GCC_WARN_ABOUT_RETURN_TYPE = YES;
				GCC_WARN_UNINITIALIZED_AUTOS = YES;
				GCC_WARN_UNUSED_VARIABLE = YES;
				IPHONEOS_DEPLOYMENT_TARGET = 3.0;
				SDKROOT = iphoneos;
				VALIDATE_PRODUCT = YES;
			};
			name = Release;
		};
		C31ACA3216837F5600C0D720 /* Debug */ = {
			isa = XCBuildConfiguration;
			buildSettings = {
				ALWAYS_SEARCH_USER_PATHS = YES;
				COPY_PHASE_STRIP = NO;
				FRAMEWORK_SEARCH_PATHS = /Users/Shared/Cordova/Frameworks;
				GCC_DYNAMIC_NO_PIC = NO;
				GCC_PRECOMPILE_PREFIX_HEADER = YES;
				GCC_PREFIX_HEADER = "NativeTableExample/NativeTableExample-Prefix.pch";
				GCC_PREPROCESSOR_DEFINITIONS = (
					"DEBUG=1,",
					"CORDOVA_FRAMEWORK=1",
				);
				INFOPLIST_FILE = "NativeTableExample/NativeTableExample-Info.plist";
				IPHONEOS_DEPLOYMENT_TARGET = 4.3;
				ONLY_ACTIVE_ARCH = NO;
				OTHER_LDFLAGS = (
					"-weak_framework",
					UIKit,
					"-weak_framework",
					AVFoundation,
					"-weak_framework",
					CoreMedia,
					"-weak_library",
					/usr/lib/libSystem.B.dylib,
				);
				PRODUCT_NAME = "$(TARGET_NAME)";
				TARGETED_DEVICE_FAMILY = 1;
				VALID_ARCHS = armv7;
				WRAPPER_EXTENSION = app;
			};
			name = Debug;
		};
		C31ACA3316837F5600C0D720 /* Release */ = {
			isa = XCBuildConfiguration;
			buildSettings = {
				ALWAYS_SEARCH_USER_PATHS = YES;
				COPY_PHASE_STRIP = YES;
				DEBUG_INFORMATION_FORMAT = "dwarf-with-dsym";
				FRAMEWORK_SEARCH_PATHS = /Users/Shared/Cordova/Frameworks;
				GCC_PRECOMPILE_PREFIX_HEADER = YES;
				GCC_PREFIX_HEADER = "NativeTableExample/NativeTableExample-Prefix.pch";
				GCC_PREPROCESSOR_DEFINITIONS = (
					"NDEBUG=1,",
					"CORDOVA_FRAMEWORK=1",
				);
				INFOPLIST_FILE = "NativeTableExample/NativeTableExample-Info.plist";
				IPHONEOS_DEPLOYMENT_TARGET = 4.3;
				ONLY_ACTIVE_ARCH = NO;
				OTHER_LDFLAGS = (
					"-weak_framework",
					UIKit,
					"-weak_framework",
					AVFoundation,
					"-weak_framework",
					CoreMedia,
					"-weak_library",
					/usr/lib/libSystem.B.dylib,
				);
				PRODUCT_NAME = "$(TARGET_NAME)";
				TARGETED_DEVICE_FAMILY = 1;
				VALIDATE_PRODUCT = YES;
				VALID_ARCHS = armv7;
				WRAPPER_EXTENSION = app;
			};
			name = Release;
		};
/* End XCBuildConfiguration section */

/* Begin XCConfigurationList section */
		C31AC9CF16837F5500C0D720 /* Build configuration list for PBXProject "NativeTableExample" */ = {
			isa = XCConfigurationList;
			buildConfigurations = (
				C31ACA2F16837F5600C0D720 /* Debug */,
				C31ACA3016837F5600C0D720 /* Release */,
			);
			defaultConfigurationIsVisible = 0;
			defaultConfigurationName = Release;
		};
		C31ACA3116837F5600C0D720 /* Build configuration list for PBXNativeTarget "NativeTableExample" */ = {
			isa = XCConfigurationList;
			buildConfigurations = (
				C31ACA3216837F5600C0D720 /* Debug */,
				C31ACA3316837F5600C0D720 /* Release */,
			);
			defaultConfigurationIsVisible = 0;
		};
/* End XCConfigurationList section */
	};
	rootObject = C31AC9CC16837F5500C0D720 /* Project object */;
}
